github.com/blldr/freshgoutils v0.0.0-20230325150317-fbe443d90783 h1:i0aCNDe9RM1WvfB+yXEuxNEU2PAqgpIET4B/ew8zSR4=
github.com/blldr/freshgoutils v0.0.0-20230325150317-fbe443d90783/go.mod h1:SR6dfrvTpk6etqriJ63g09gRjSvn3Q4/A86IeKVDzvg=
github.com/blldr/freshgoutils v0.0.0-20230325150832-314de8ebb989 h1:MknMvHE2O7GPzfQ3zxpJ61scPwfczxR1mh8Hp6Ph+ls=
github.com/blldr/freshgoutils v0.0.0-20230325150832-314de8ebb989/go.mod h1:SR6dfrvTpk6etqriJ63g09gRjSvn3Q4/A86IeKVDzvg=
